<?xml version="1.0" encoding="utf-8"?>
<Project ToolsVersion="4.0" xmlns="http://schemas.microsoft.com/developer/msbuild/2003">
  <ItemGroup>
    <Filter Include="win32">
      <UniqueIdentifier>{84a8ebd7-7cf0-47f6-b75e-d441df67da40}</UniqueIdentifier>
    </Filter>
    <Filter Include="resource">
      <UniqueIdentifier>{715254bc-d70b-4ec5-bf29-467dd3ace079}</UniqueIdentifier>
    </Filter>
    <Filter Include="src">
      <UniqueIdentifier>{bb6c862e-70e9-49d9-81b7-3829a6f50471}</UniqueIdentifier>
    </Filter>
  </ItemGroup>
  <ItemGroup>
    <ClCompile Include="main.cpp">
      <Filter>win32</Filter>
    </ClCompile>
    <ClCompile Include="C:\Users\Administrator\Desktop\Classes\AppDelegate.cpp">
      <Filter>src</Filter>
    </ClCompile>
    <ClCompile Include="C:\Users\Administrator\Desktop\Classes\Complete.cpp">
      <Filter>src</Filter>
    </ClCompile>
    <ClCompile Include="C:\Users\Administrator\Desktop\Classes\Endless.cpp">
      <Filter>src</Filter>
    </ClCompile>
    <ClCompile Include="C:\Users\Administrator\Desktop\Classes\Endless2.cpp">
      <Filter>src</Filter>
    </ClCompile>
    <ClCompile Include="C:\Users\Administrator\Desktop\Classes\Failed.cpp">
      <Filter>src</Filter>
    </ClCompile>
    <ClCompile Include="C:\Users\Administrator\Desktop\Classes\HelloWorldScene.cpp">
      <Filter>src</Filter>
    </ClCompile>
    <ClCompile Include="C:\Users\Administrator\Desktop\Classes\Help.cpp">
      <Filter>src</Filter>
    </ClCompile>
    <ClCompile Include="C:\Users\Administrator\Desktop\Classes\option.cpp">
      <Filter>src</Filter>
    </ClCompile>
    <ClCompile Include="C:\Users\Administrator\Desktop\Classes\Round.cpp">
      <Filter>src</Filter>
    </ClCompile>
    <ClCompile Include="C:\Users\Administrator\Desktop\Classes\SelectorPlayer_1.cpp">
      <Filter>src</Filter>
    </ClCompile>
    <ClCompile Include="C:\Users\Administrator\Desktop\Classes\SelectorPlayer_2.cpp">
      <Filter>src</Filter>
    </ClCompile>
    <ClCompile Include="C:\Users\Administrator\Desktop\Classes\SelectorPlayer_3.cpp">
      <Filter>src</Filter>
    </ClCompile>
    <ClCompile Include="C:\Users\Administrator\Desktop\Classes\SelectorPlayer_4.cpp">
      <Filter>src</Filter>
    </ClCompile>
    <ClCompile Include="C:\Users\Administrator\Desktop\Classes\SelectorPlayer_5.cpp">
      <Filter>src</Filter>
    </ClCompile>
    <ClCompile Include="C:\Users\Administrator\Desktop\Classes\SelectorPlayer_6.cpp">
      <Filter>src</Filter>
    </ClCompile>
    <ClCompile Include="C:\Users\Administrator\Desktop\Classes\SelectorPlayer_7.cpp">
      <Filter>src</Filter>
    </ClCompile>
    <ClCompile Include="C:\Users\Administrator\Desktop\Classes\SelectorPlayer_8.cpp">
      <Filter>src</Filter>
    </ClCompile>
    <ClCompile Include="C:\Users\Administrator\Desktop\Classes\Start1.cpp">
      <Filter>src</Filter>
    </ClCompile>
    <ClCompile Include="C:\Users\Administrator\Desktop\Classes\Volume.cpp">
      <Filter>src</Filter>
    </ClCompile>
  </ItemGroup>
  <ItemGroup>
    <ClInclude Include="main.h">
      <Filter>win32</Filter>
    </ClInclude>
    <ClInclude Include="C:\Users\Administrator\Desktop\Classes\AppDelegate.h">
      <Filter>src</Filter>
    </ClInclude>
    <ClInclude Include="C:\Users\Administrator\Desktop\Classes\Complete.h">
      <Filter>src</Filter>
    </ClInclude>
    <ClInclude Include="C:\Users\Administrator\Desktop\Classes\Endless.h">
      <Filter>src</Filter>
    </ClInclude>
    <ClInclude Include="C:\Users\Administrator\Desktop\Classes\Endless2.h">
      <Filter>src</Filter>
    </ClInclude>
    <ClInclude Include="C:\Users\Administrator\Desktop\Classes\Failed.h">
      <Filter>src</Filter>
    </ClInclude>
    <ClInclude Include="C:\Users\Administrator\Desktop\Classes\HelloWorldScene.h">
      <Filter>src</Filter>
    </ClInclude>
    <ClInclude Include="C:\Users\Administrator\Desktop\Classes\Help.h">
      <Filter>src</Filter>
    </ClInclude>
    <ClInclude Include="C:\Users\Administrator\Desktop\Classes\option.h">
      <Filter>src</Filter>
    </ClInclude>
    <ClInclude Include="C:\Users\Administrator\Desktop\Classes\Round.h">
      <Filter>src</Filter>
    </ClInclude>
    <ClInclude Include="C:\Users\Administrator\Desktop\Classes\SelectorPlayer_1.h">
      <Filter>src</Filter>
    </ClInclude>
    <ClInclude Include="C:\Users\Administrator\Desktop\Classes\SelectorPlayer_2.h">
      <Filter>src</Filter>
    </ClInclude>
    <ClInclude Include="C:\Users\Administrator\Desktop\Classes\SelectorPlayer_3.h">
      <Filter>src</Filter>
    </ClInclude>
    <ClInclude Include="C:\Users\Administrator\Desktop\Classes\SelectorPlayer_4.h">
      <Filter>src</Filter>
    </ClInclude>
    <ClInclude Include="C:\Users\Administrator\Desktop\Classes\SelectorPlayer_5.h">
      <Filter>src</Filter>
    </ClInclude>
    <ClInclude Include="C:\Users\Administrator\Desktop\Classes\SelectorPlayer_6.h">
      <Filter>src</Filter>
    </ClInclude>
    <ClInclude Include="C:\Users\Administrator\Desktop\Classes\SelectorPlayer_7.h">
      <Filter>src</Filter>
    </ClInclude>
    <ClInclude Include="C:\Users\Administrator\Desktop\Classes\SelectorPlayer_8.h">
      <Filter>src</Filter>
    </ClInclude>
    <ClInclude Include="C:\Users\Administrator\Desktop\Classes\Start1.h">
      <Filter>src</Filter>
    </ClInclude>
    <ClInclude Include="C:\Users\Administrator\Desktop\Classes\Volume.h">
      <Filter>src</Filter>
    </ClInclude>
  </ItemGroup>
  <ItemGroup>
    <ResourceCompile Include="game.rc">
      <Filter>resource</Filter>
    </ResourceCompile>
  </ItemGroup>
</Project>